<?xml version="1.0" encoding="utf-8"?>
<Project ToolsVersion="4.0" xmlns="http://schemas.microsoft.com/developer/msbuild/2003">
  <ItemGroup>
    <Filter Include="Source Files">
      <UniqueIdentifier>{4FC737F1-C7A5-4376-A066-2A32D752A2FF}</UniqueIdentifier>
      <Extensions>cpp;c;cc;cxx;c++;cppm;ixx;def;odl;idl;hpj;bat;asm;asmx</Extensions>
    </Filter>
    <Filter Include="Header Files">
      <UniqueIdentifier>{93995380-89BD-4b04-88EB-625FBE52EBFB}</UniqueIdentifier>
      <Extensions>h;hh;hpp;hxx;h++;hm;inl;inc;ipp;xsd</Extensions>
    </Filter>
    <Filter Include="Resource Files">
      <UniqueIdentifier>{67DA6AB6-F800-4c08-8B7A-83BB121AAD01}</UniqueIdentifier>
      <Extensions>rc;ico;cur;bmp;dlg;rc2;rct;bin;rgs;gif;jpg;jpeg;jpe;resx;tiff;tif;png;wav;mfcribbon-ms</Extensions>
    </Filter>
    <Filter Include="src">
      <UniqueIdentifier>{6e29a200-1280-4426-b556-70882ee3213e}</UniqueIdentifier>
    </Filter>
    <Filter Include="include">
      <UniqueIdentifier>{d15b9d8e-2995-4442-a42b-7c9affe0f61c}</UniqueIdentifier>
    </Filter>
    <Filter Include="shaders">
      <UniqueIdentifier>{f07d8545-5e0c-4a8e-b9a5-63ebef6ddd06}</UniqueIdentifier>
    </Filter>
    <Filter Include="lib">
      <UniqueIdentifier>{e1eed18d-849b-4532-b852-87f454d6d7ae}</UniqueIdentifier>
    </Filter>
    <Filter Include="Shared">
      <UniqueIdentifier>{fa5752e6-9dd9-4704-8b73-99eef70b09fb}</UniqueIdentifier>
    </Filter>
  </ItemGroup>
  <ItemGroup>
    <Library Include="lib\glfw3.lib">
      <Filter>lib</Filter>
    </Library>
    <Library Include="lib\glew32s.lib">
      <Filter>lib</Filter>
    </Library>
  </ItemGroup>
  <ItemGroup>
    <None Include="shaders\shader.vert">
      <Filter>shaders</Filter>
    </None>
    <None Include="shaders\shader.frag">
      <Filter>shaders</Filter>
    </None>
    <None Include="shaders\model_loading.vs">
      <Filter>shaders</Filter>
    </None>
    <None Include="shaders\model_loading.fs">
      <Filter>shaders</Filter>
    </None>
    <None Include="shaders\texture2D.vs">
      <Filter>shaders</Filter>
    </None>
    <None Include="shaders\anim_model.vs">
      <Filter>shaders</Filter>
    </None>
    <None Include="shaders\6.2.skybox.vs">
      <Filter>shaders</Filter>
    </None>
    <None Include="shaders\6.2.skybox.fs">
      <Filter>shaders</Filter>
    </None>
    <None Include="shaders\6.1.skybox.vs">
      <Filter>shaders</Filter>
    </None>
    <None Include="shaders\6.1.skybox.fs">
      <Filter>shaders</Filter>
    </None>
    <None Include="shaders\texture2D.fs">
      <Filter>shaders</Filter>
    </None>
    <None Include="shaders\anim_model.fs">
      <Filter>shaders</Filter>
    </None>
    <None Include="shaders\particles.fs">
      <Filter>shaders</Filter>
    </None>
    <None Include="shaders\particles.vs">
      <Filter>shaders</Filter>
    </None>
  </ItemGroup>
  <ItemGroup>
    <ClCompile Include="src\Cube.cpp">
      <Filter>src</Filter>
    </ClCompile>
    <ClCompile Include="src\Ground.cpp">
      <Filter>src</Filter>
    </ClCompile>
    <ClCompile Include="src\Shader.cpp">
      <Filter>src</Filter>
    </ClCompile>
    <ClCompile Include="src\Tokenizer.cpp">
      <Filter>src</Filter>
    </ClCompile>
    <ClCompile Include="src\Window.cpp">
      <Filter>src</Filter>
    </ClCompile>
    <ClCompile Include="src\Camera.cpp">
      <Filter>src</Filter>
    </ClCompile>
    <ClCompile Include="main.cpp">
      <Filter>Source Files</Filter>
    </ClCompile>
    <ClCompile Include="src\Map.cpp">
      <Filter>src</Filter>
    </ClCompile>
    <ClCompile Include="src\Submap.cpp">
      <Filter>src</Filter>
    </ClCompile>
    <ClCompile Include="src\Model.cpp">
      <Filter>src</Filter>
    </ClCompile>
    <ClCompile Include="src\ObjObject.cpp">
      <Filter>src</Filter>
    </ClCompile>
    <ClCompile Include="..\client\Client.cpp">
      <Filter>Shared</Filter>
    </ClCompile>
    <ClCompile Include="..\shared\Event.cpp">
      <Filter>Shared</Filter>
    </ClCompile>
    <ClCompile Include="..\shared\Player.cpp">
      <Filter>Shared</Filter>
    </ClCompile>
    <ClCompile Include="src\graphic2D.cpp">
      <Filter>src</Filter>
    </ClCompile>
    <ClCompile Include="..\shared\Packet.cpp">
      <Filter>Shared</Filter>
    </ClCompile>
    <ClCompile Include="..\shared\GameData.cpp">
      <Filter>Shared</Filter>
    </ClCompile>
    <ClCompile Include="src\DaeObject.cpp">
      <Filter>src</Filter>
    </ClCompile>
    <ClCompile Include="src\UI.cpp">
      <Filter>src</Filter>
    </ClCompile>
    <ClCompile Include="src\CollisionDetection.cpp">
      <Filter>src</Filter>
    </ClCompile>
    <ClCompile Include="src\PlayerModel.cpp">
      <Filter>src</Filter>
    </ClCompile>
    <ClCompile Include="src\Skybox.cpp">
      <Filter>src</Filter>
    </ClCompile>
    <ClCompile Include="src\Minimap.cpp">
      <Filter>src</Filter>
    </ClCompile>
    <ClCompile Include="src\ObsObject.cpp">
      <Filter>src</Filter>
    </ClCompile>
    <ClCompile Include="src\Obstacles.cpp">
      <Filter>src</Filter>
    </ClCompile>
    <ClCompile Include="src\Mult_Lights.cpp">
      <Filter>src</Filter>
    </ClCompile>
    <ClCompile Include="src\Scene.cpp">
      <Filter>src</Filter>
    </ClCompile>
    <ClCompile Include="src\Light.cpp">
      <Filter>src</Filter>
    </ClCompile>
    <ClCompile Include="src\Audio.cpp">
      <Filter>src</Filter>
    </ClCompile>
    <ClCompile Include="src\Particles.cpp">
      <Filter>src</Filter>
    </ClCompile>
    <ClCompile Include="src\Image.cpp">
      <Filter>src</Filter>
    </ClCompile>
    <ClCompile Include="src\Particles.cpp">
      <Filter>src</Filter>
    </ClCompile>
    <ClCompile Include="src\Image.cpp">
      <Filter>src</Filter>
    </ClCompile>
    <ClCompile Include="src\AliceSkill.cpp">
      <Filter>src</Filter>
    </ClCompile>
    <ClCompile Include="src\DaveSkill.cpp">
      <Filter>src</Filter>
    </ClCompile>
  </ItemGroup>
  <ItemGroup>
    <ClInclude Include="include\Cube.h">
      <Filter>include</Filter>
    </ClInclude>
    <ClInclude Include="include\Ground.h">
      <Filter>include</Filter>
    </ClInclude>
    <ClInclude Include="include\Tokenizer.h">
      <Filter>include</Filter>
    </ClInclude>
    <ClInclude Include="include\Window.h">
      <Filter>include</Filter>
    </ClInclude>
    <ClInclude Include="include\Camera.h">
      <Filter>include</Filter>
    </ClInclude>
    <ClInclude Include="include\core.h">
      <Filter>include</Filter>
    </ClInclude>
    <ClInclude Include="include\Map.h">
      <Filter>include</Filter>
    </ClInclude>
    <ClInclude Include="include\Submap.h">
      <Filter>include</Filter>
    </ClInclude>
    <ClInclude Include="include\Mesh.h">
      <Filter>include</Filter>
    </ClInclude>
    <ClInclude Include="include\StaticModel.h">
      <Filter>include</Filter>
    </ClInclude>
    <ClInclude Include="include\Shader.h">
      <Filter>include</Filter>
    </ClInclude>
    <ClInclude Include="include\ObjObject.h">
      <Filter>include</Filter>
    </ClInclude>
    <ClInclude Include="include\Constants.h">
      <Filter>include</Filter>
    </ClInclude>
    <ClInclude Include="include\graphic2D.h">
      <Filter>include</Filter>
    </ClInclude>
    <ClInclude Include="include\StaticShader.h">
      <Filter>include</Filter>
    </ClInclude>
    <ClInclude Include="..\shared\Packet.h">
      <Filter>include</Filter>
    </ClInclude>
    <ClInclude Include="..\shared\GlobalVariables.h">
      <Filter>include</Filter>
    </ClInclude>
    <ClInclude Include="..\shared\GameData.h">
      <Filter>include</Filter>
    </ClInclude>
    <ClInclude Include="include\DynamicShader.h">
      <Filter>include</Filter>
    </ClInclude>
    <ClInclude Include="include\Animdata.h">
      <Filter>include</Filter>
    </ClInclude>
    <ClInclude Include="include\assimp_glm_helpers.h">
      <Filter>include</Filter>
    </ClInclude>
    <ClInclude Include="include\Bone.h">
      <Filter>include</Filter>
    </ClInclude>
    <ClInclude Include="include\Animation.h">
      <Filter>include</Filter>
    </ClInclude>
    <ClInclude Include="include\Animator.h">
      <Filter>include</Filter>
    </ClInclude>
    <ClInclude Include="include\DynamicModel.h">
      <Filter>include</Filter>
    </ClInclude>
    <ClInclude Include="include\DaeObject.h">
      <Filter>include</Filter>
    </ClInclude>
    <ClInclude Include="..\client\Client.h">
      <Filter>include</Filter>
    </ClInclude>
    <ClInclude Include="include\Timer.h">
      <Filter>include</Filter>
    </ClInclude>
    <ClInclude Include="include\UI.h">
      <Filter>include</Filter>
    </ClInclude>
    <ClInclude Include="include\CollisionDetection.h">
      <Filter>include</Filter>
    </ClInclude>
    <ClInclude Include="include\MapConstants.h">
      <Filter>include</Filter>
    </ClInclude>
    <ClInclude Include="include\PlayerModel.h">
      <Filter>include</Filter>
    </ClInclude>
    <ClInclude Include="include\Skybox.h">
      <Filter>include</Filter>
    </ClInclude>
    <ClInclude Include="include\Minimap.h">
      <Filter>include</Filter>
    </ClInclude>
    <ClInclude Include="include\ObsObject.h">
      <Filter>include</Filter>
    </ClInclude>
    <ClInclude Include="include\Obstacles.h">
      <Filter>include</Filter>
    </ClInclude>
    <ClInclude Include="include\Mult_Lights.h">
      <Filter>include</Filter>
    </ClInclude>
    <ClInclude Include="include\Light.h">
      <Filter>include</Filter>
    </ClInclude>
    <ClInclude Include="include\Scene.h">
      <Filter>include</Filter>
    </ClInclude>
    <ClInclude Include="..\shared\Event.h">
      <Filter>include</Filter>
    </ClInclude>
    <ClInclude Include="include\Particles.h">
      <Filter>include</Filter>
    </ClInclude>
    <ClInclude Include="include\Image.h">
      <Filter>include</Filter>
    </ClInclude>
    <ClInclude Include="include\Particles.h">
      <Filter>include</Filter>
    </ClInclude>
    <ClInclude Include="include\Image.h">
      <Filter>include</Filter>
    </ClInclude>
    <ClInclude Include="include\AliceSkill.h">
      <Filter>include</Filter>
    </ClInclude>
    <ClInclude Include="include\Audio.h">
      <Filter>include</Filter>
    </ClInclude>
    <ClInclude Include="include\Utils.h">
      <Filter>include</Filter>
    </ClInclude>
    <ClInclude Include="include\DaveSkill.h">
      <Filter>include</Filter>
    </ClInclude>
  </ItemGroup>
</Project>