<?xml version="1.0" encoding="utf-8"?>
<Project ToolsVersion="4.0" xmlns="http://schemas.microsoft.com/developer/msbuild/2003">
  <ItemGroup>
    <Filter Include="Source Files">
      <UniqueIdentifier>{4FC737F1-C7A5-4376-A066-2A32D752A2FF}</UniqueIdentifier>
      <Extensions>cpp;c;cc;cxx;c++;cppm;ixx;def;odl;idl;hpj;bat;asm;asmx</Extensions>
    </Filter>
    <Filter Include="Resource Files">
      <UniqueIdentifier>{67DA6AB6-F800-4c08-8B7A-83BB121AAD01}</UniqueIdentifier>
      <Extensions>rc;ico;cur;bmp;dlg;rc2;rct;bin;rgs;gif;jpg;jpeg;jpe;resx;tiff;tif;png;wav;mfcribbon-ms</Extensions>
    </Filter>
    <Filter Include="shared">
      <UniqueIdentifier>{eb87f93a-e56a-494d-b33e-a68eca969811}</UniqueIdentifier>
    </Filter>
    <Filter Include="src">
      <UniqueIdentifier>{02bd35c2-29dc-4efa-8e09-bf9088d524c3}</UniqueIdentifier>
    </Filter>
    <Filter Include="include">
      <UniqueIdentifier>{dbac90d0-664c-4e5e-8ab1-96e55e93169d}</UniqueIdentifier>
    </Filter>
  </ItemGroup>
  <ItemGroup>
    <ClCompile Include="main.cpp">
      <Filter>Source Files</Filter>
    </ClCompile>
    <ClCompile Include="src\Cube.cpp">
      <Filter>src</Filter>
    </ClCompile>
    <ClCompile Include="src\Map.cpp">
      <Filter>src</Filter>
    </ClCompile>
    <ClCompile Include="src\Server.cpp">
      <Filter>src</Filter>
    </ClCompile>
    <ClCompile Include="src\Submap.cpp">
      <Filter>src</Filter>
    </ClCompile>
    <ClCompile Include="src\Tokenizer.cpp">
      <Filter>src</Filter>
    </ClCompile>
    <ClCompile Include="..\shared\Packet.cpp">
      <Filter>shared</Filter>
    </ClCompile>
    <ClCompile Include="..\shared\GameData.cpp">
      <Filter>shared</Filter>
    </ClCompile>
    <ClCompile Include="..\shared\Event.cpp">
      <Filter>shared</Filter>
    </ClCompile>
    <ClCompile Include="src\CollisionDetection.cpp">
      <Filter>src</Filter>
    </ClCompile>
    <ClCompile Include="src\ObsObjectSv.cpp">
      <Filter>src</Filter>
    </ClCompile>
    <ClCompile Include="src\ObstaclesSv.cpp">
      <Filter>src</Filter>
    </ClCompile>
  </ItemGroup>
  <ItemGroup>
    <ClInclude Include="include\core.h">
      <Filter>include</Filter>
    </ClInclude>
    <ClInclude Include="include\Cube.h">
      <Filter>include</Filter>
    </ClInclude>
    <ClInclude Include="include\Map.h">
      <Filter>include</Filter>
    </ClInclude>
    <ClInclude Include="include\Server.h">
      <Filter>include</Filter>
    </ClInclude>
    <ClInclude Include="include\Submap.h">
      <Filter>include</Filter>
    </ClInclude>
    <ClInclude Include="include\Tokenizer.h">
      <Filter>include</Filter>
    </ClInclude>
    <ClInclude Include="..\shared\GlobalVariables.h">
      <Filter>include</Filter>
    </ClInclude>
    <ClInclude Include="..\shared\Packet.h">
      <Filter>include</Filter>
    </ClInclude>
    <ClInclude Include="..\shared\GameData.h">
      <Filter>include</Filter>
    </ClInclude>
    <ClInclude Include="..\shared\Event.h">
      <Filter>include</Filter>
    </ClInclude>
    <ClInclude Include="include\MapConstants.h">
      <Filter>include</Filter>
    </ClInclude>
    <ClInclude Include="include\CollisionDetection.h">
      <Filter>include</Filter>
    </ClInclude>
    <ClInclude Include="include\ObsObjectSv.h">
      <Filter>include</Filter>
    </ClInclude>
    <ClInclude Include="include\ObstaclesSv.h">
      <Filter>include</Filter>
    </ClInclude>
  </ItemGroup>
</Project>