<?xml version="1.0" encoding="utf-8"?>
<Project ToolsVersion="4.0" xmlns="http://schemas.microsoft.com/developer/msbuild/2003">
  <ItemGroup>
    <Filter Include="Source Files">
      <UniqueIdentifier>{4FC737F1-C7A5-4376-A066-2A32D752A2FF}</UniqueIdentifier>
      <Extensions>cpp;c;cc;cxx;c++;cppm;ixx;def;odl;idl;hpj;bat;asm;asmx</Extensions>
    </Filter>
    <Filter Include="Header Files">
      <UniqueIdentifier>{93995380-89BD-4b04-88EB-625FBE52EBFB}</UniqueIdentifier>
      <Extensions>h;hh;hpp;hxx;h++;hm;inl;inc;ipp;xsd</Extensions>
    </Filter>
    <Filter Include="Resource Files">
      <UniqueIdentifier>{67DA6AB6-F800-4c08-8B7A-83BB121AAD01}</UniqueIdentifier>
      <Extensions>rc;ico;cur;bmp;dlg;rc2;rct;bin;rgs;gif;jpg;jpeg;jpe;resx;tiff;tif;png;wav;mfcribbon-ms</Extensions>
    </Filter>
    <Filter Include="shared">
      <UniqueIdentifier>{eb87f93a-e56a-494d-b33e-a68eca969811}</UniqueIdentifier>
    </Filter>
  </ItemGroup>
  <ItemGroup>
    <ClCompile Include="..\..\server\main.cpp">
      <Filter>Source Files</Filter>
    </ClCompile>
    <ClCompile Include="..\..\server\Server.cpp">
      <Filter>Source Files</Filter>
    </ClCompile>
    <ClCompile Include="..\..\shared\Packet.cpp">
      <Filter>shared</Filter>
    </ClCompile>
    <ClCompile Include="..\..\shared\GameData.cpp">
      <Filter>shared</Filter>
    </ClCompile>
    <ClCompile Include="..\..\shared\Event.cpp">
      <Filter>shared</Filter>
    </ClCompile>
    <ClCompile Include="..\..\server\src\Map.cpp">
      <Filter>Source Files</Filter>
    </ClCompile>
    <ClCompile Include="..\..\server\src\Submap.cpp">
      <Filter>Source Files</Filter>
    </ClCompile>
    <ClCompile Include="..\..\server\src\Tokenizer.cpp">
      <Filter>Source Files</Filter>
    </ClCompile>
    <ClCompile Include="..\..\server\src\Cube.cpp">
      <Filter>Source Files</Filter>
    </ClCompile>
    <ClCompile Include="..\..\BlinderEngine\src\Cube.cpp">
      <Filter>Source Files</Filter>
    </ClCompile>
  </ItemGroup>
  <ItemGroup>
    <ClInclude Include="..\..\server\Server.h">
      <Filter>Header Files</Filter>
    </ClInclude>
    <ClInclude Include="..\..\shared\Event.h">
      <Filter>Header Files</Filter>
    </ClInclude>
    <ClInclude Include="..\..\shared\GameData.h">
      <Filter>Header Files</Filter>
    </ClInclude>
    <ClInclude Include="..\..\shared\GlobalVariables.h">
      <Filter>Header Files</Filter>
    </ClInclude>
    <ClInclude Include="..\..\server\include\Map.h">
      <Filter>Header Files</Filter>
    </ClInclude>
    <ClInclude Include="..\..\shared\Packet.h">
      <Filter>Header Files</Filter>
    </ClInclude>
    <ClInclude Include="..\..\server\include\Submap.h">
      <Filter>Header Files</Filter>
    </ClInclude>
    <ClInclude Include="..\..\server\include\Tokenizer.h">
      <Filter>Header Files</Filter>
    </ClInclude>
    <ClInclude Include="..\..\server\include\core.h">
      <Filter>Header Files</Filter>
    </ClInclude>
    <ClInclude Include="..\..\server\include\Cube.h">
      <Filter>Header Files</Filter>
    </ClInclude>
  </ItemGroup>
</Project>